// !$*UTF8*$!
{
	archiveVersion = 1;
	classes = {
	};
	objectVersion = 55;
	objects = {

/* Begin PBXBuildFile section */
		AD433972291D58BD002E872F /* ProyectoAEGSApp.swift in Sources */ = {isa = PBXBuildFile; fileRef = AD433971291D58BD002E872F /* ProyectoAEGSApp.swift */; };
		AD433974291D58BD002E872F /* ContentView.swift in Sources */ = {isa = PBXBuildFile; fileRef = AD433973291D58BD002E872F /* ContentView.swift */; };
		AD433976291D58BE002E872F /* Assets.xcassets in Resources */ = {isa = PBXBuildFile; fileRef = AD433975291D58BE002E872F /* Assets.xcassets */; };
		AD433979291D58BE002E872F /* Preview Assets.xcassets in Resources */ = {isa = PBXBuildFile; fileRef = AD433978291D58BE002E872F /* Preview Assets.xcassets */; };
		BF6D5A6A292D2E38008CAF4F /* Empleado.xcdatamodeld in Sources */ = {isa = PBXBuildFile; fileRef = BF6D5A68292D2E38008CAF4F /* Empleado.xcdatamodeld */; };
		BF6D5A6C292D2F9C008CAF4F /* CoreDataManager.swift in Sources */ = {isa = PBXBuildFile; fileRef = BF6D5A6B292D2F9C008CAF4F /* CoreDataManager.swift */; };
		BFA9ACB82935223000261B83 /* ViewEditar.swift in Sources */ = {isa = PBXBuildFile; fileRef = BFA9ACB72935223000261B83 /* ViewEditar.swift */; };
/* End PBXBuildFile section */

/* Begin PBXFileReference section */
		AD43396E291D58BD002E872F /* ProyectoAEGS.app */ = {isa = PBXFileReference; explicitFileType = wrapper.application; includeInIndex = 0; path = ProyectoAEGS.app; sourceTree = BUILT_PRODUCTS_DIR; };
		AD433971291D58BD002E872F /* ProyectoAEGSApp.swift */ = {isa = PBXFileReference; lastKnownFileType = sourcecode.swift; path = ProyectoAEGSApp.swift; sourceTree = "<group>"; };
		AD433973291D58BD002E872F /* ContentView.swift */ = {isa = PBXFileReference; lastKnownFileType = sourcecode.swift; path = ContentView.swift; sourceTree = "<group>"; };
		AD433975291D58BE002E872F /* Assets.xcassets */ = {isa = PBXFileReference; lastKnownFileType = folder.assetcatalog; path = Assets.xcassets; sourceTree = "<group>"; };
		AD433978291D58BE002E872F /* Preview Assets.xcassets */ = {isa = PBXFileReference; lastKnownFileType = folder.assetcatalog; path = "Preview Assets.xcassets"; sourceTree = "<group>"; };
		BF6D5A69292D2E38008CAF4F /* Empleado.xcdatamodel */ = {isa = PBXFileReference; lastKnownFileType = wrapper.xcdatamodel; path = Empleado.xcdatamodel; sourceTree = "<group>"; };
		BF6D5A6B292D2F9C008CAF4F /* CoreDataManager.swift */ = {isa = PBXFileReference; lastKnownFileType = sourcecode.swift; path = CoreDataManager.swift; sourceTree = "<group>"; };
		BFA9ACB72935223000261B83 /* ViewEditar.swift */ = {isa = PBXFileReference; lastKnownFileType = sourcecode.swift; path = ViewEditar.swift; sourceTree = "<group>"; };
/* End PBXFileReference section */

/* Begin PBXFrameworksBuildPhase section */
		AD43396B291D58BD002E872F /* Frameworks */ = {
			isa = PBXFrameworksBuildPhase;
			buildActionMask = 2147483647;
			files = (
			);
			runOnlyForDeploymentPostprocessing = 0;
		};
/* End PBXFrameworksBuildPhase section */

/* Begin PBXGroup section */
		AD433965291D58BD002E872F = {
			isa = PBXGroup;
			children = (
				AD433970291D58BD002E872F /* ProyectoAEGS */,
				AD43396F291D58BD002E872F /* Products */,
			);
			sourceTree = "<group>";
		};
		AD43396F291D58BD002E872F /* Products */ = {
			isa = PBXGroup;
			children = (
				AD43396E291D58BD002E872F /* ProyectoAEGS.app */,
			);
			name = Products;
			sourceTree = "<group>";
		};
		AD433970291D58BD002E872F /* ProyectoAEGS */ = {
			isa = PBXGroup;
			children = (
				BFA9ACB72935223000261B83 /* ViewEditar.swift */,
				BF6D5A6B292D2F9C008CAF4F /* CoreDataManager.swift */,
				AD433971291D58BD002E872F /* ProyectoAEGSApp.swift */,
				AD433973291D58BD002E872F /* ContentView.swift */,
				AD433975291D58BE002E872F /* Assets.xcassets */,
				AD433977291D58BE002E872F /* Preview Content */,
				BF6D5A68292D2E38008CAF4F /* Empleado.xcdatamodeld */,
			);
			path = ProyectoAEGS;
			sourceTree = "<group>";
		};
		AD433977291D58BE002E872F /* Preview Content */ = {
			isa = PBXGroup;
			children = (
				AD433978291D58BE002E872F /* Preview Assets.xcassets */,
			);
			path = "Preview Content";
			sourceTree = "<group>";
		};
/* End PBXGroup section */

/* Begin PBXNativeTarget section */
		AD43396D291D58BD002E872F /* ProyectoAEGS */ = {
			isa = PBXNativeTarget;
			buildConfigurationList = AD43397C291D58BE002E872F /* Build configuration list for PBXNativeTarget "ProyectoAEGS" */;
			buildPhases = (
				AD43396A291D58BD002E872F /* Sources */,
				AD43396B291D58BD002E872F /* Frameworks */,
				AD43396C291D58BD002E872F /* Resources */,
			);
			buildRules = (
			);
			dependencies = (
			);
			name = ProyectoAEGS;
			productName = ProyectoAEGS;
			productReference = AD43396E291D58BD002E872F /* ProyectoAEGS.app */;
			productType = "com.apple.product-type.application";
		};
/* End PBXNativeTarget section */

/* Begin PBXProject section */
		AD433966291D58BD002E872F /* Project object */ = {
			isa = PBXProject;
			attributes = {
				BuildIndependentTargetsInParallel = 1;
				LastSwiftUpdateCheck = 1310;
				LastUpgradeCheck = 1310;
				TargetAttributes = {
					AD43396D291D58BD002E872F = {
						CreatedOnToolsVersion = 13.1;
					};
				};
			};
			buildConfigurationList = AD433969291D58BD002E872F /* Build configuration list for PBXProject "ProyectoAEGS" */;
			compatibilityVersion = "Xcode 13.0";
			developmentRegion = en;
			hasScannedForEncodings = 0;
			knownRegions = (
				en,
				Base,
			);
			mainGroup = AD433965291D58BD002E872F;
			productRefGroup = AD43396F291D58BD002E872F /* Products */;
			projectDirPath = "";
			projectRoot = "";
			targets = (
				AD43396D291D58BD002E872F /* ProyectoAEGS */,
			);
		};
/* End PBXProject section */

/* Begin PBXResourcesBuildPhase section */
		AD43396C291D58BD002E872F /* Resources */ = {
			isa = PBXResourcesBuildPhase;
			buildActionMask = 2147483647;
			files = (
				AD433979291D58BE002E872F /* Preview Assets.xcassets in Resources */,
				AD433976291D58BE002E872F /* Assets.xcassets in Resources */,
			);
			runOnlyForDeploymentPostprocessing = 0;
		};
/* End PBXResourcesBuildPhase section */

/* Begin PBXSourcesBuildPhase section */
		AD43396A291D58BD002E872F /* Sources */ = {
			isa = PBXSourcesBuildPhase;
			buildActionMask = 2147483647;
			files = (
				BF6D5A6A292D2E38008CAF4F /* Empleado.xcdatamodeld in Sources */,
				AD433974291D58BD002E872F /* ContentView.swift in Sources */,
				BFA9ACB82935223000261B83 /* ViewEditar.swift in Sources */,
				BF6D5A6C292D2F9C008CAF4F /* CoreDataManager.swift in Sources */,
				AD433972291D58BD002E872F /* ProyectoAEGSApp.swift in Sources */,
			);
			runOnlyForDeploymentPostprocessing = 0;
		};
/* End PBXSourcesBuildPhase section */

/* Begin XCBuildConfiguration section */
		AD43397A291D58BE002E872F /* Debug */ = {
			isa = XCBuildConfiguration;
			buildSettings = {
				ALWAYS_SEARCH_USER_PATHS = NO;
				CLANG_ANALYZER_NONNULL = YES;
				CLANG_ANALYZER_NUMBER_OBJECT_CONVERSION = YES_AGGRESSIVE;
				CLANG_CXX_LANGUAGE_STANDARD = "gnu++17";
				CLANG_CXX_LIBRARY = "libc++";
				CLANG_ENABLE_MODULES = YES;
				CLANG_ENABLE_OBJC_ARC = YES;
				CLANG_ENABLE_OBJC_WEAK = YES;
				CLANG_WARN_BLOCK_CAPTURE_AUTORELEASING = YES;
				CLANG_WARN_BOOL_CONVERSION = YES;
				CLANG_WARN_COMMA = YES;
				CLANG_WARN_CONSTANT_CONVERSION = YES;
				CLANG_WARN_DEPRECATED_OBJC_IMPLEMENTATIONS = YES;
				CLANG_WARN_DIRECT_OBJC_ISA_USAGE = YES_ERROR;
				CLANG_WARN_DOCUMENTATION_COMMENTS = YES;
				CLANG_WARN_EMPTY_BODY = YES;
				CLANG_WARN_ENUM_CONVERSION = YES;
				CLANG_WARN_INFINITE_RECURSION = YES;
				CLANG_WARN_INT_CONVERSION = YES;
				CLANG_WARN_NON_LITERAL_NULL_CONVERSION = YES;
				CLANG_WARN_OBJC_IMPLICIT_RETAIN_SELF = YES;
				CLANG_WARN_OBJC_LITERAL_CONVERSION = YES;
				CLANG_WARN_OBJC_ROOT_CLASS = YES_ERROR;
				CLANG_WARN_QUOTED_INCLUDE_IN_FRAMEWORK_HEADER = YES;
				CLANG_WARN_RANGE_LOOP_ANALYSIS = YES;
				CLANG_WARN_STRICT_PROTOTYPES = YES;
				CLANG_WARN_SUSPICIOUS_MOVE = YES;
				CLANG_WARN_UNGUARDED_AVAILABILITY = YES_AGGRESSIVE;
				CLANG_WARN_UNREACHABLE_CODE = YES;
				CLANG_WARN__DUPLICATE_METHOD_MATCH = YES;
				COPY_PHASE_STRIP = NO;
				DEBUG_INFORMATION_FORMAT = dwarf;
				ENABLE_STRICT_OBJC_MSGSEND = YES;
				ENABLE_TESTABILITY = YES;
				GCC_C_LANGUAGE_STANDARD = gnu11;
				GCC_DYNAMIC_NO_PIC = NO;
				GCC_NO_COMMON_BLOCKS = YES;
				GCC_OPTIMIZATION_LEVEL = 0;
				GCC_PREPROCESSOR_DEFINITIONS = (
					"DEBUG=1",
					"$(inherited)",
				);
				GCC_WARN_64_TO_32_BIT_CONVERSION = YES;
				GCC_WARN_ABOUT_RETURN_TYPE = YES_ERROR;
				GCC_WARN_UNDECLARED_SELECTOR = YES;
				GCC_WARN_UNINITIALIZED_AUTOS = YES_AGGRESSIVE;
				GCC_WARN_UNUSED_FUNCTION = YES;
				GCC_WARN_UNUSED_VARIABLE = YES;
				IPHONEOS_DEPLOYMENT_TARGET = 15.0;
				MTL_ENABLE_DEBUG_INFO = INCLUDE_SOURCE;
				MTL_FAST_MATH = YES;
				ONLY_ACTIVE_ARCH = YES;
				SDKROOT = iphoneos;
				SWIFT_ACTIVE_COMPILATION_CONDITIONS = DEBUG;
				SWIFT_OPTIMIZATION_LEVEL = "-Onone";
			};
			name = Debug;
		};
		AD43397B291D58BE002E872F /* Release */ = {
			isa = XCBuildConfiguration;
			buildSettings = {
				ALWAYS_SEARCH_USER_PATHS = NO;
				CLANG_ANALYZER_NONNULL = YES;
				CLANG_ANALYZER_NUMBER_OBJECT_CONVERSION = YES_AGGRESSIVE;
				CLANG_CXX_LANGUAGE_STANDARD = "gnu++17";
				CLANG_CXX_LIBRARY = "libc++";
				CLANG_ENABLE_MODULES = YES;
				CLANG_ENABLE_OBJC_ARC = YES;
				CLANG_ENABLE_OBJC_WEAK = YES;
				CLANG_WARN_BLOCK_CAPTURE_AUTORELEASING = YES;
				CLANG_WARN_BOOL_CONVERSION = YES;
				CLANG_WARN_COMMA = YES;
				CLANG_WARN_CONSTANT_CONVERSION = YES;
				CLANG_WARN_DEPRECATED_OBJC_IMPLEMENTATIONS = YES;
				CLANG_WARN_DIRECT_OBJC_ISA_USAGE = YES_ERROR;
				CLANG_WARN_DOCUMENTATION_COMMENTS = YES;
				CLANG_WARN_EMPTY_BODY = YES;
				CLANG_WARN_ENUM_CONVERSION = YES;
				CLANG_WARN_INFINITE_RECURSION = YES;
				CLANG_WARN_INT_CONVERSION = YES;
				CLANG_WARN_NON_LITERAL_NULL_CONVERSION = YES;
				CLANG_WARN_OBJC_IMPLICIT_RETAIN_SELF = YES;
				CLANG_WARN_OBJC_LITERAL_CONVERSION = YES;
				CLANG_WARN_OBJC_ROOT_CLASS = YES_ERROR;
				CLANG_WARN_QUOTED_INCLUDE_IN_FRAMEWORK_HEADER = YES;
				CLANG_WARN_RANGE_LOOP_ANALYSIS = YES;
				CLANG_WARN_STRICT_PROTOTYPES = YES;
				CLANG_WARN_SUSPICIOUS_MOVE = YES;
				CLANG_WARN_UNGUARDED_AVAILABILITY = YES_AGGRESSIVE;
				CLANG_WARN_UNREACHABLE_CODE = YES;
				CLANG_WARN__DUPLICATE_METHOD_MATCH = YES;
				COPY_PHASE_STRIP = NO;
				DEBUG_INFORMATION_FORMAT = "dwarf-with-dsym";
				ENABLE_NS_ASSERTIONS = NO;
				ENABLE_STRICT_OBJC_MSGSEND = YES;
				GCC_C_LANGUAGE_STANDARD = gnu11;
				GCC_NO_COMMON_BLOCKS = YES;
				GCC_WARN_64_TO_32_BIT_CONVERSION = YES;
				GCC_WARN_ABOUT_RETURN_TYPE = YES_ERROR;
				GCC_WARN_UNDECLARED_SELECTOR = YES;
				GCC_WARN_UNINITIALIZED_AUTOS = YES_AGGRESSIVE;
				GCC_WARN_UNUSED_FUNCTION = YES;
				GCC_WARN_UNUSED_VARIABLE = YES;
				IPHONEOS_DEPLOYMENT_TARGET = 15.0;
				MTL_ENABLE_DEBUG_INFO = NO;
				MTL_FAST_MATH = YES;
				SDKROOT = iphoneos;
				SWIFT_COMPILATION_MODE = wholemodule;
				SWIFT_OPTIMIZATION_LEVEL = "-O";
				VALIDATE_PRODUCT = YES;
			};
			name = Release;
		};
		AD43397D291D58BE002E872F /* Debug */ = {
			isa = XCBuildConfiguration;
			buildSettings = {
				ASSETCATALOG_COMPILER_APPICON_NAME = AppIcon;
				ASSETCATALOG_COMPILER_GLOBAL_ACCENT_COLOR_NAME = AccentColor;
				CODE_SIGN_STYLE = Automatic;
				CURRENT_PROJECT_VERSION = 1;
				DEVELOPMENT_ASSET_PATHS = "\"ProyectoAEGS/Preview Content\"";
				ENABLE_PREVIEWS = YES;
				GENERATE_INFOPLIST_FILE = YES;
				INFOPLIST_KEY_UIApplicationSceneManifest_Generation = YES;
				INFOPLIST_KEY_UIApplicationSupportsIndirectInputEvents = YES;
				INFOPLIST_KEY_UILaunchScreen_Generation = YES;
				INFOPLIST_KEY_UISupportedInterfaceOrientations_iPad = "UIInterfaceOrientationPortrait UIInterfaceOrientationPortraitUpsideDown UIInterfaceOrientationLandscapeLeft UIInterfaceOrientationLandscapeRight";
				INFOPLIST_KEY_UISupportedInterfaceOrientations_iPhone = "UIInterfaceOrientationPortrait UIInterfaceOrientationLandscapeLeft UIInterfaceOrientationLandscapeRight";
				LD_RUNPATH_SEARCH_PATHS = (
					"$(inherited)",
					"@executable_path/Frameworks",
				);
				MARKETING_VERSION = 1.0;
				PRODUCT_BUNDLE_IDENTIFIER = "ing-web.ProyectoAEGS";
				PRODUCT_NAME = "$(TARGET_NAME)";
				SWIFT_EMIT_LOC_STRINGS = YES;
				SWIFT_VERSION = 5.0;
				TARGETED_DEVICE_FAMILY = "1,2";
			};
			name = Debug;
		};
		AD43397E291D58BE002E872F /* Release */ = {
			isa = XCBuildConfiguration;
			buildSettings = {
				ASSETCATALOG_COMPILER_APPICON_NAME = AppIcon;
				ASSETCATALOG_COMPILER_GLOBAL_ACCENT_COLOR_NAME = AccentColor;
				CODE_SIGN_STYLE = Automatic;
				CURRENT_PROJECT_VERSION = 1;
				DEVELOPMENT_ASSET_PATHS = "\"ProyectoAEGS/Preview Content\"";
				ENABLE_PREVIEWS = YES;
				GENERATE_INFOPLIST_FILE = YES;
				INFOPLIST_KEY_UIApplicationSceneManifest_Generation = YES;
				INFOPLIST_KEY_UIApplicationSupportsIndirectInputEvents = YES;
				INFOPLIST_KEY_UILaunchScreen_Generation = YES;
				INFOPLIST_KEY_UISupportedInterfaceOrientations_iPad = "UIInterfaceOrientationPortrait UIInterfaceOrientationPortraitUpsideDown UIInterfaceOrientationLandscapeLeft UIInterfaceOrientationLandscapeRight";
				INFOPLIST_KEY_UISupportedInterfaceOrientations_iPhone = "UIInterfaceOrientationPortrait UIInterfaceOrientationLandscapeLeft UIInterfaceOrientationLandscapeRight";
				LD_RUNPATH_SEARCH_PATHS = (
					"$(inherited)",
					"@executable_path/Frameworks",
				);
				MARKETING_VERSION = 1.0;
				PRODUCT_BUNDLE_IDENTIFIER = "ing-web.ProyectoAEGS";
				PRODUCT_NAME = "$(TARGET_NAME)";
				SWIFT_EMIT_LOC_STRINGS = YES;
				SWIFT_VERSION = 5.0;
				TARGETED_DEVICE_FAMILY = "1,2";
			};
			name = Release;
		};
/* End XCBuildConfiguration section */

/* Begin XCConfigurationList section */
		AD433969291D58BD002E872F /* Build configuration list for PBXProject "ProyectoAEGS" */ = {
			isa = XCConfigurationList;
			buildConfigurations = (
				AD43397A291D58BE002E872F /* Debug */,
				AD43397B291D58BE002E872F /* Release */,
			);
			defaultConfigurationIsVisible = 0;
			defaultConfigurationName = Release;
		};
		AD43397C291D58BE002E872F /* Build configuration list for PBXNativeTarget "ProyectoAEGS" */ = {
			isa = XCConfigurationList;
			buildConfigurations = (
				AD43397D291D58BE002E872F /* Debug */,
				AD43397E291D58BE002E872F /* Release */,
			);
			defaultConfigurationIsVisible = 0;
			defaultConfigurationName = Release;
		};
/* End XCConfigurationList section */

/* Begin XCVersionGroup section */
		BF6D5A68292D2E38008CAF4F /* Empleado.xcdatamodeld */ = {
			isa = XCVersionGroup;
			children = (
				BF6D5A69292D2E38008CAF4F /* Empleado.xcdatamodel */,
			);
			currentVersion = BF6D5A69292D2E38008CAF4F /* Empleado.xcdatamodel */;
			path = Empleado.xcdatamodeld;
			sourceTree = "<group>";
			versionGroupType = wrapper.xcdatamodel;
		};
/* End XCVersionGroup section */
	};
	rootObject = AD433966291D58BD002E872F /* Project object */;
}
